{
  "version": "5",
  "specifiers": {
    "npm:@jsr/db__sqlite@0.12": "0.12.0",
    "npm:@jsr/soapbox__kysely-deno-sqlite@^2.2.0": "2.2.0",
    "npm:@jsr/std__path@*": "0.221.0",
    "npm:@jsr/std__path@^1.1.4": "1.1.4",
    "npm:kysely-ctl@0.19": "0.19.0_kysely@0.28.9",
    "npm:kysely@~0.28.9": "0.28.9"
  },
  "npm": {
    "@jsr/db__sqlite@0.12.0": {
      "integrity": "sha512-nTMYOzEl8oFhtPS90tAdMbpYTec7/brHtlVLt8afAsNLX+z1FkEIWljxqJS8UDzN23wCTsNXL96NArqBaJRy9A==",
      "dependencies": [
        "@jsr/denosaurs__plug",
        "@jsr/std__path@0.217.0"
      ],
      "tarball": "https://npm.jsr.io/~/11/@jsr/db__sqlite/0.12.0.tgz"
    },
    "@jsr/denosaurs__plug@1.0.6": {
      "integrity": "sha512-3sRBjWs6Str1+5w8Lj5t4dDNxUJB6RWJaxAf1e04CHwbbPBbyzrzKs2iammkGlEra8yL2RO70+c8x0/52as6XA==",
      "dependencies": [
        "@jsr/std__encoding",
        "@jsr/std__fmt@0.221.0",
        "@jsr/std__fs",
        "@jsr/std__path@0.221.0"
      ],
      "tarball": "https://npm.jsr.io/~/11/@jsr/denosaurs__plug/1.0.6.tgz"
    },
    "@jsr/soapbox__kysely-deno-sqlite@2.2.0": {
      "integrity": "sha512-iubzZqRCjIsZZjLdSXDEZ3x5CjW9nKgf7avZs7qUZrhEDULZKltNKDaW+ZBATLJsiz4svwLq8qKiJ4naQ8GnAw==",
      "dependencies": [
        "kysely@0.27.6"
      ],
      "tarball": "https://npm.jsr.io/~/11/@jsr/soapbox__kysely-deno-sqlite/2.2.0.tgz"
    },
    "@jsr/std__assert@0.217.0": {
      "integrity": "sha512-kCGfcXX8lMcZHWrCgFhbdpNloB50MkLwHdRZvZKjZK424F9g+M742jkTDLMOJmwkDoEqFKyNVrGhPtspS4+NvQ==",
      "dependencies": [
        "@jsr/std__fmt@0.217.0"
      ],
      "tarball": "https://npm.jsr.io/~/11/@jsr/std__assert/0.217.0.tgz"
    },
    "@jsr/std__assert@0.221.0": {
      "integrity": "sha512-Y+nGzU7AiBuMGt9i7lwADiJ5ZpSwYr1f3ee3dnUIkUF9BuzX+sMJf6v2QGYDOOfo1EdNZCslQZlj3x62mwnw9w==",
      "dependencies": [
        "@jsr/std__fmt@0.221.0"
      ],
      "tarball": "https://npm.jsr.io/~/11/@jsr/std__assert/0.221.0.tgz"
    },
    "@jsr/std__encoding@0.221.0": {
      "integrity": "sha512-fWvwcY1zzMTPt97PVRwHaM5Vyh27NsAeX6yxy9YSLbXjDnW6zjMGmQC5qJqDAz7d8IWq/uUTPZ+A1kr1ps2eUA==",
      "tarball": "https://npm.jsr.io/~/11/@jsr/std__encoding/0.221.0.tgz"
    },
    "@jsr/std__fmt@0.217.0": {
      "integrity": "sha512-AM33Cr/V3St3Cj5O4QQe4aMKGyzL9eYz+mOC58BmqxgeZwFbvSC06DzM2DS3ixcsAnwH2kYMXHpCBax0sT9q8Q==",
      "tarball": "https://npm.jsr.io/~/11/@jsr/std__fmt/0.217.0.tgz"
    },
    "@jsr/std__fmt@0.221.0": {
      "integrity": "sha512-PErSfwKu1c9yl0a4J1U3f6PR1eZFU451Meok3d4i6OnuM8YCwqndfK/KzdIr7eYykkvB2ln/6JnF/wV37zil4A==",
      "tarball": "https://npm.jsr.io/~/11/@jsr/std__fmt/0.221.0.tgz"
    },
    "@jsr/std__fs@0.221.0": {
      "integrity": "sha512-abz06JVR6M2YduJXDnsw3mHzUix85gpJquLbNUAjPe74XYH19BP85beNKH+xNQDYrRaQSN9zCIaQvg2Dmd+csQ==",
      "dependencies": [
        "@jsr/std__assert@0.221.0",
        "@jsr/std__path@0.221.0"
      ],
      "tarball": "https://npm.jsr.io/~/11/@jsr/std__fs/0.221.0.tgz"
    },
    "@jsr/std__internal@1.0.12": {
      "integrity": "sha512-6xReMW9p+paJgqoFRpOE2nogJFvzPfaLHLIlyADYjKMUcwDyjKZxryIbgcU+gxiTygn8yCjld1HoI0ET4/iZeA==",
      "tarball": "https://npm.jsr.io/~/11/@jsr/std__internal/1.0.12.tgz"
    },
    "@jsr/std__path@0.217.0": {
      "integrity": "sha512-KoqEpZX9CE8zyyr4+X6AROOGYv95AysnJni2E5g9pqG+IGUUuNjOC3yRTvHnsB5tJ6uQs6DwET5chIdUPcylIQ==",
      "dependencies": [
        "@jsr/std__assert@0.217.0"
      ],
      "tarball": "https://npm.jsr.io/~/11/@jsr/std__path/0.217.0.tgz"
    },
    "@jsr/std__path@0.221.0": {
      "integrity": "sha512-O8iaP3yhg7nBXkoFsJS8KtL3kLESehM04YbkHEmW3hT93f1citXvR1chYVr7tlSyAcQSzc9WVvcLlX/T19XNhA==",
      "dependencies": [
        "@jsr/std__assert@0.221.0"
      ],
      "tarball": "https://npm.jsr.io/~/11/@jsr/std__path/0.221.0.tgz"
    },
    "@jsr/std__path@1.1.4": {
      "integrity": "sha512-SK4u9H6NVTfolhPdlvdYXfNFefy1W04AEHWJydryYbk+xqzNiVmr5o7TLJLJFqwHXuwMRhwrn+mcYeUfS0YFaA==",
      "dependencies": [
        "@jsr/std__internal"
      ],
      "tarball": "https://npm.jsr.io/~/11/@jsr/std__path/1.1.4.tgz"
    },
    "c12@3.3.3": {
      "integrity": "sha512-750hTRvgBy5kcMNPdh95Qo+XUBeGo8C7nsKSmedDmaQI+E0r82DwHeM6vBewDe4rGFbnxoa4V9pw+sPh5+Iz8Q==",
      "dependencies": [
        "chokidar",
        "confbox",
        "defu",
        "dotenv",
        "exsolve",
        "giget",
        "jiti",
        "ohash",
        "pathe",
        "perfect-debounce",
        "pkg-types",
        "rc9"
      ]
    },
    "chokidar@5.0.0": {
      "integrity": "sha512-TQMmc3w+5AxjpL8iIiwebF73dRDF4fBIieAqGn9RGCWaEVwQ6Fb2cGe31Yns0RRIzii5goJ1Y7xbMwo1TxMplw==",
      "dependencies": [
        "readdirp"
      ]
    },
    "citty@0.1.6": {
      "integrity": "sha512-tskPPKEs8D2KPafUypv2gxwJP8h/OaJmC82QQGGDQcHvXX43xF2VDACcJVmZ0EuSxkpO9Kc4MlrA3q0+FG58AQ==",
      "dependencies": [
        "consola"
      ]
    },
    "confbox@0.2.2": {
      "integrity": "sha512-1NB+BKqhtNipMsov4xI/NnhCKp9XG9NamYp5PVm9klAT0fsrNPjaFICsCFhNhwZJKNh7zB/3q8qXz0E9oaMNtQ=="
    },
    "consola@3.4.2": {
      "integrity": "sha512-5IKcdX0nnYavi6G7TtOhwkYzyjfJlatbjMjuLSfE2kYT5pMDOilZ4OvMhi637CcDICTmz3wARPoyhqyX1Y+XvA=="
    },
    "defu@6.1.4": {
      "integrity": "sha512-mEQCMmwJu317oSz8CwdIOdwf3xMif1ttiM8LTufzc3g6kR+9Pe236twL8j3IYT1F7GfRgGcW6MWxzZjLIkuHIg=="
    },
    "destr@2.0.5": {
      "integrity": "sha512-ugFTXCtDZunbzasqBxrK93Ik/DRYsO6S/fedkWEMKqt04xZ4csmnmwGDBAb07QWNaGMAmnTIemsYZCksjATwsA=="
    },
    "dotenv@17.2.3": {
      "integrity": "sha512-JVUnt+DUIzu87TABbhPmNfVdBDt18BLOWjMUFJMSi/Qqg7NTYtabbvSNJGOJ7afbRuv9D/lngizHtP7QyLQ+9w=="
    },
    "exsolve@1.0.8": {
      "integrity": "sha512-LmDxfWXwcTArk8fUEnOfSZpHOJ6zOMUJKOtFLFqJLoKJetuQG874Uc7/Kki7zFLzYybmZhp1M7+98pfMqeX8yA=="
    },
    "giget@2.0.0": {
      "integrity": "sha512-L5bGsVkxJbJgdnwyuheIunkGatUF/zssUoxxjACCseZYAVbaqdh9Tsmmlkl8vYan09H7sbvKt4pS8GqKLBrEzA==",
      "dependencies": [
        "citty",
        "consola",
        "defu",
        "node-fetch-native",
        "nypm",
        "pathe"
      ],
      "bin": true
    },
    "jiti@2.6.1": {
      "integrity": "sha512-ekilCSN1jwRvIbgeg/57YFh8qQDNbwDb9xT/qu2DAHbFFZUicIl4ygVaAvzveMhMVr3LnpSKTNnwt8PoOfmKhQ==",
      "bin": true
    },
    "kysely-ctl@0.19.0_kysely@0.28.9": {
      "integrity": "sha512-89hzOd1cy/H063jB2E9wYHq+uKYpaHv6Mb5RiNFpRZL6BYCah9ncsdl3x5b52eirxry4UyWSmGNN3sFv+gK+ig==",
      "dependencies": [
        "c12",
        "citty",
        "confbox",
        "consola",
        "jiti",
        "kysely@0.28.9",
        "nypm",
        "ofetch",
        "pathe",
        "pkg-types",
        "std-env",
        "tsconfck"
      ],
      "bin": true
    },
    "kysely@0.27.6": {
      "integrity": "sha512-FIyV/64EkKhJmjgC0g2hygpBv5RNWVPyNCqSAD7eTCv6eFWNIi4PN1UvdSJGicN/o35bnevgis4Y0UDC0qi8jQ=="
    },
    "kysely@0.28.9": {
      "integrity": "sha512-3BeXMoiOhpOwu62CiVpO6lxfq4eS6KMYfQdMsN/2kUCRNuF2YiEr7u0HLHaQU+O4Xu8YXE3bHVkwaQ85i72EuA=="
    },
    "node-fetch-native@1.6.7": {
      "integrity": "sha512-g9yhqoedzIUm0nTnTqAQvueMPVOuIY16bqgAJJC8XOOubYFNwz6IER9qs0Gq2Xd0+CecCKFjtdDTMA4u4xG06Q=="
    },
    "nypm@0.6.2": {
      "integrity": "sha512-7eM+hpOtrKrBDCh7Ypu2lJ9Z7PNZBdi/8AT3AX8xoCj43BBVHD0hPSTEvMtkMpfs8FCqBGhxB+uToIQimA111g==",
      "dependencies": [
        "citty",
        "consola",
        "pathe",
        "pkg-types",
        "tinyexec"
      ],
      "bin": true
    },
    "ofetch@1.5.1": {
      "integrity": "sha512-2W4oUZlVaqAPAil6FUg/difl6YhqhUR7x2eZY4bQCko22UXg3hptq9KLQdqFClV+Wu85UX7hNtdGTngi/1BxcA==",
      "dependencies": [
        "destr",
        "node-fetch-native",
        "ufo"
      ]
    },
    "ohash@2.0.11": {
      "integrity": "sha512-RdR9FQrFwNBNXAr4GixM8YaRZRJ5PUWbKYbE5eOsrwAjJW0q2REGcf79oYPsLyskQCZG1PLN+S/K1V00joZAoQ=="
    },
    "pathe@2.0.3": {
      "integrity": "sha512-WUjGcAqP1gQacoQe+OBJsFA7Ld4DyXuUIjZ5cc75cLHvJ7dtNsTugphxIADwspS+AraAUePCKrSVtPLFj/F88w=="
    },
    "perfect-debounce@2.0.0": {
      "integrity": "sha512-fkEH/OBiKrqqI/yIgjR92lMfs2K8105zt/VT6+7eTjNwisrsh47CeIED9z58zI7DfKdH3uHAn25ziRZn3kgAow=="
    },
    "pkg-types@2.3.0": {
      "integrity": "sha512-SIqCzDRg0s9npO5XQ3tNZioRY1uK06lA41ynBC1YmFTmnY6FjUjVt6s4LoADmwoig1qqD0oK8h1p/8mlMx8Oig==",
      "dependencies": [
        "confbox",
        "exsolve",
        "pathe"
      ]
    },
    "rc9@2.1.2": {
      "integrity": "sha512-btXCnMmRIBINM2LDZoEmOogIZU7Qe7zn4BpomSKZ/ykbLObuBdvG+mFq11DL6fjH1DRwHhrlgtYWG96bJiC7Cg==",
      "dependencies": [
        "defu",
        "destr"
      ]
    },
    "readdirp@5.0.0": {
      "integrity": "sha512-9u/XQ1pvrQtYyMpZe7DXKv2p5CNvyVwzUB6uhLAnQwHMSgKMBR62lc7AHljaeteeHXn11XTAaLLUVZYVZyuRBQ=="
    },
    "std-env@3.10.0": {
      "integrity": "sha512-5GS12FdOZNliM5mAOxFRg7Ir0pWz8MdpYm6AY6VPkGpbA7ZzmbzNcBJQ0GPvvyWgcY7QAhCgf9Uy89I03faLkg=="
    },
    "tinyexec@1.0.2": {
      "integrity": "sha512-W/KYk+NFhkmsYpuHq5JykngiOCnxeVL8v8dFnqxSD8qEEdRfXk1SDM6JzNqcERbcGYj9tMrDQBYV9cjgnunFIg=="
    },
    "tsconfck@3.1.6": {
      "integrity": "sha512-ks6Vjr/jEw0P1gmOVwutM3B7fWxoWBL2KRDb1JfqGVawBmO5UsvmWOQFGHBPl5yxYz4eERr19E6L7NMv+Fej4w==",
      "bin": true
    },
    "ufo@1.6.2": {
      "integrity": "sha512-heMioaxBcG9+Znsda5Q8sQbWnLJSl98AFDXTO80wELWEzX3hordXsTdxrIfMQoO9IY1MEnoGoPjpoKpMj+Yx0Q=="
    }
  },
  "workspace": {
    "packageJson": {
      "dependencies": [
        "npm:@jsr/db__sqlite@0.12",
        "npm:@jsr/soapbox__kysely-deno-sqlite@^2.2.0",
        "npm:@jsr/std__path@^1.1.4",
        "npm:kysely-ctl@0.19",
        "npm:kysely@~0.28.9"
      ]
    }
  }
}
